
Microsoft Visual Studio Solution File, Format Version 12.00
# Visual Studio Version 16
VisualStudioVersion = 16.0.29306.81
MinimumVisualStudioVersion = 10.0.40219.1
Project("{FAE04EC0-301F-11D3-BF4B-00C04F79EFBC}") = "Практическое задание №16", "Практическое задание №16\Практическое задание №16.csproj", "{E1F3ACFD-E35B-486B-BDC4-D85AC8ECDAEF}"
EndProject
Global
	GlobalSection(SolutionConfigurationPlatforms) = preSolution
		Debug|Any CPU = Debug|Any CPU
		Release|Any CPU = Release|Any CPU
	EndGlobalSection
	GlobalSection(ProjectConfigurationPlatforms) = postSolution
		{E1F3ACFD-E35B-486B-BDC4-D85AC8ECDAEF}.Debug|Any CPU.ActiveCfg = Debug|Any CPU
		{E1F3ACFD-E35B-486B-BDC4-D85AC8ECDAEF}.Debug|Any CPU.Build.0 = Debug|Any CPU
		{E1F3ACFD-E35B-486B-BDC4-D85AC8ECDAEF}.Release|Any CPU.ActiveCfg = Release|Any CPU
		{E1F3ACFD-E35B-486B-BDC4-D85AC8ECDAEF}.Release|Any CPU.Build.0 = Release|Any CPU
	EndGlobalSection
	GlobalSection(SolutionProperties) = preSolution
		HideSolutionNode = FALSE
	EndGlobalSection
	GlobalSection(ExtensibilityGlobals) = postSolution
		SolutionGuid = {67C7AD4C-3632-4BCE-B4BE-EDF0E287ED46}
	EndGlobalSection
EndGlobal
